// !$*UTF8*$!
{
	archiveVersion = 1;
	classes = {
	};
	objectVersion = 77;
	objects = {

/* Begin PBXBuildFile section */
		0FAF70CD1EBB1787B6A630EA /* IdentityCaptureView.swift in Sources */ = {isa = PBXBuildFile; fileRef = E6C3CC5FF064F5430661DA82 /* IdentityCaptureView.swift */; };
		14353007576894F8DA6A18B4 /* GoogleSignIn in Frameworks */ = {isa = PBXBuildFile; productRef = 1DF207C8201C8F25933DA950 /* GoogleSignIn */; };
		144EAC41BEB013E4EDA0C453 /* SpectrophotometricSkinAnalyzer.swift in Sources */ = {isa = PBXBuildFile; fileRef = F4CDCB8EDA1AC7E101250AC8 /* SpectrophotometricSkinAnalyzer.swift */; };
		14E02E90AB68B267F1B997CC /* GuidedFaceCaptureView.swift in Sources */ = {isa = PBXBuildFile; fileRef = A073E8E0508DF442274A6AFB /* GuidedFaceCaptureView.swift */; };
		1F2F6B2CEE013151D8B7CFE2 /* CameraManager.swift in Sources */ = {isa = PBXBuildFile; fileRef = CA3B4D64B80E17CE6629E84B /* CameraManager.swift */; };
		21C129D19F6C30D157E69F52 /* ProfileDashboardView.swift in Sources */ = {isa = PBXBuildFile; fileRef = AA861E6535D8D0ABDD83D9C5 /* ProfileDashboardView.swift */; };
		24105CC3F575672FFF9D889F /* ARScannerView.swift in Sources */ = {isa = PBXBuildFile; fileRef = 85BE6BF4ED35C44272358267 /* ARScannerView.swift */; };
		335704A060ECD42864B851E5 /* GoogleService-Info.plist in Resources */ = {isa = PBXBuildFile; fileRef = 91BA4DFF914AA7FC4D9668A7 /* GoogleService-Info.plist */; };
		3FE5D467BB257BA0EA7FD4DB /* TryOnGalleryView.swift in Sources */ = {isa = PBXBuildFile; fileRef = 669BECCC56045A2D95434E4C /* TryOnGalleryView.swift */; };
		4314B21600E4E6B2C16B9F37 /* ImagePicker.swift in Sources */ = {isa = PBXBuildFile; fileRef = A6254B8500BD45340491BFEA /* ImagePicker.swift */; };
		48BC8B9D4893751AD0286591 /* FirebaseManager.swift in Sources */ = {isa = PBXBuildFile; fileRef = 46F548F2753F9AA38F148C30 /* FirebaseManager.swift */; };
		4AC5CC6CE66DA5C483F3AC08 /* WOVNapparelApp.swift in Sources */ = {isa = PBXBuildFile; fileRef = B95974DC5BA0476C873E8AC8 /* WOVNapparelApp.swift */; };
		514654E067B1A9FB24AF617F /* AuthenticationView.swift in Sources */ = {isa = PBXBuildFile; fileRef = E567356E5494035F3C1EA858 /* AuthenticationView.swift */; };
		6A7B0C3EBFCCDA4E172C7F36 /* ChromaticAnalyzer.swift in Sources */ = {isa = PBXBuildFile; fileRef = 9CA739C27371C80240C7F858 /* ChromaticAnalyzer.swift */; };
		6D0AE4BD5FC87911501D683A /* ARQuickLookView.swift in Sources */ = {isa = PBXBuildFile; fileRef = 2BCCE955C5569D0E717EA370 /* ARQuickLookView.swift */; };
		74274AA3CF953E22067CAFA2 /* BodyScannerView.swift in Sources */ = {isa = PBXBuildFile; fileRef = 6E238E9D541BDD3E39CADE29 /* BodyScannerView.swift */; };
		74518C85D8180B67C845037A /* LiDARSizingEngine.swift in Sources */ = {isa = PBXBuildFile; fileRef = BF445875DF6CCC6D9C8D09E7 /* LiDARSizingEngine.swift */; };
		7461B72C3C85504595FFF33F /* Assets.xcassets in Resources */ = {isa = PBXBuildFile; fileRef = 727D1DF55695337E97912467 /* Assets.xcassets */; };
		7F02DFCB7BF72E70F1C8459C /* CameraPreview.swift in Sources */ = {isa = PBXBuildFile; fileRef = 6D8E1E248DC72091BF38EDAD /* CameraPreview.swift */; };
		81E93B45CA073916A4B00C88 /* FirebaseAuth in Frameworks */ = {isa = PBXBuildFile; productRef = DBCCEBC8C27F237F8BBD0CC3 /* FirebaseAuth */; };
		84370691B23EC1D69B15D9AB /* OccasionSelectionView.swift in Sources */ = {isa = PBXBuildFile; fileRef = 1D61BC284C66D941BC3FA182 /* OccasionSelectionView.swift */; };
		90E3FC20E77189E5992E5812 /* ContentView.swift in Sources */ = {isa = PBXBuildFile; fileRef = A956FB0F32E6A1717737D95A /* ContentView.swift */; };
		94DBDAAA23474F86EFAC394D /* OccasionDashboard.swift in Sources */ = {isa = PBXBuildFile; fileRef = 85F5B849B35BAB8EFC222E48 /* OccasionDashboard.swift */; };
		9E9AC7D08190464FFC158EFA /* CameraView.swift in Sources */ = {isa = PBXBuildFile; fileRef = E9B6719E23161D9E96F363F4 /* CameraView.swift */; };
		B35F65E2C801C872CBD94C5F /* ProfileSetupView.swift in Sources */ = {isa = PBXBuildFile; fileRef = 72053D9BDA4CF355BC812687 /* ProfileSetupView.swift */; };
		BD5D343A2793744D249E21FF /* SpatialSizingEngine.swift in Sources */ = {isa = PBXBuildFile; fileRef = A70908705E6BBEF247C7A4E1 /* SpatialSizingEngine.swift */; };
		C262AC778143BCFE647C1750 /* FirebaseFirestore in Frameworks */ = {isa = PBXBuildFile; productRef = 29F1EDEB97A8C99BD090100F /* FirebaseFirestore */; };
		CD0B678F8E262FC3844D54B0 /* FirebaseStorage in Frameworks */ = {isa = PBXBuildFile; productRef = 352414B7A0293A7D9F5780DD /* FirebaseStorage */; };
		D28260BB449B9FBEA67D07F3 /* TryOnView.swift in Sources */ = {isa = PBXBuildFile; fileRef = 11139B38687CDEBB85F87327 /* TryOnView.swift */; };
		D2FDEB365C9BB7A7AC464645 /* TryOnDetailView.swift in Sources */ = {isa = PBXBuildFile; fileRef = CBD188481699DC0CC8A6E6FB /* TryOnDetailView.swift */; };
		E8DB61562FB7AE1E00412BCC /* VisionCaptureController.swift in Sources */ = {isa = PBXBuildFile; fileRef = E8DB61542FB7AE1E00412BCC /* VisionCaptureController.swift */; };
		E8DB61572FB7AE1E00412BCC /* VisionCaptureView.swift in Sources */ = {isa = PBXBuildFile; fileRef = E8DB61552FB7AE1E00412BCC /* VisionCaptureView.swift */; };
		E8DB61592FB7C3DA00412BCC /* Assets.xcassets in Resources */ = {isa = PBXBuildFile; fileRef = E8DB61582FB7C3DA00412BCC /* Assets.xcassets */; };
		EA88532B9E5AC00551B6AD3E /* AppFlowState.swift in Sources */ = {isa = PBXBuildFile; fileRef = 5B26CE6D5049EDB66C973417 /* AppFlowState.swift */; };
/* End PBXBuildFile section */

/* Begin PBXFileReference section */
		11139B38687CDEBB85F87327 /* TryOnView.swift */ = {isa = PBXFileReference; lastKnownFileType = sourcecode.swift; path = TryOnView.swift; sourceTree = "<group>"; };
		1D61BC284C66D941BC3FA182 /* OccasionSelectionView.swift */ = {isa = PBXFileReference; lastKnownFileType = sourcecode.swift; path = OccasionSelectionView.swift; sourceTree = "<group>"; };
		2BCCE955C5569D0E717EA370 /* ARQuickLookView.swift */ = {isa = PBXFileReference; lastKnownFileType = sourcecode.swift; path = ARQuickLookView.swift; sourceTree = "<group>"; };
		46F548F2753F9AA38F148C30 /* FirebaseManager.swift */ = {isa = PBXFileReference; lastKnownFileType = sourcecode.swift; path = FirebaseManager.swift; sourceTree = "<group>"; };
		4F75C4DC3F7091F292F8B52A /* WOVNapparel.app */ = {isa = PBXFileReference; explicitFileType = wrapper.application; includeInIndex = 0; path = WOVNapparel.app; sourceTree = BUILT_PRODUCTS_DIR; };
		5B26CE6D5049EDB66C973417 /* AppFlowState.swift */ = {isa = PBXFileReference; lastKnownFileType = sourcecode.swift; path = AppFlowState.swift; sourceTree = "<group>"; };
		669BECCC56045A2D95434E4C /* TryOnGalleryView.swift */ = {isa = PBXFileReference; includeInIndex = 1; lastKnownFileType = sourcecode.swift; path = TryOnGalleryView.swift; sourceTree = "<group>"; };
		6D8E1E248DC72091BF38EDAD /* CameraPreview.swift */ = {isa = PBXFileReference; lastKnownFileType = sourcecode.swift; path = CameraPreview.swift; sourceTree = "<group>"; };
		6E238E9D541BDD3E39CADE29 /* BodyScannerView.swift */ = {isa = PBXFileReference; lastKnownFileType = sourcecode.swift; path = BodyScannerView.swift; sourceTree = "<group>"; };
		72053D9BDA4CF355BC812687 /* ProfileSetupView.swift */ = {isa = PBXFileReference; lastKnownFileType = sourcecode.swift; path = ProfileSetupView.swift; sourceTree = "<group>"; };
		727D1DF55695337E97912467 /* Assets.xcassets */ = {isa = PBXFileReference; lastKnownFileType = folder.assetcatalog; path = Assets.xcassets; sourceTree = "<group>"; };
		85BE6BF4ED35C44272358267 /* ARScannerView.swift */ = {isa = PBXFileReference; lastKnownFileType = sourcecode.swift; path = ARScannerView.swift; sourceTree = "<group>"; };
		85F5B849B35BAB8EFC222E48 /* OccasionDashboard.swift */ = {isa = PBXFileReference; lastKnownFileType = sourcecode.swift; path = OccasionDashboard.swift; sourceTree = "<group>"; };
		91BA4DFF914AA7FC4D9668A7 /* GoogleService-Info.plist */ = {isa = PBXFileReference; lastKnownFileType = text.plist; path = "GoogleService-Info.plist"; sourceTree = "<group>"; };
		9CA739C27371C80240C7F858 /* ChromaticAnalyzer.swift */ = {isa = PBXFileReference; includeInIndex = 1; lastKnownFileType = sourcecode.swift; path = Features/Profile/ChromaticAnalyzer.swift; sourceTree = "<group>"; };
		A073E8E0508DF442274A6AFB /* GuidedFaceCaptureView.swift */ = {isa = PBXFileReference; lastKnownFileType = sourcecode.swift; path = GuidedFaceCaptureView.swift; sourceTree = "<group>"; };
		A6254B8500BD45340491BFEA /* ImagePicker.swift */ = {isa = PBXFileReference; lastKnownFileType = sourcecode.swift; path = ImagePicker.swift; sourceTree = "<group>"; };
		A70908705E6BBEF247C7A4E1 /* SpatialSizingEngine.swift */ = {isa = PBXFileReference; lastKnownFileType = sourcecode.swift; path = SpatialSizingEngine.swift; sourceTree = "<group>"; };
		A956FB0F32E6A1717737D95A /* ContentView.swift */ = {isa = PBXFileReference; lastKnownFileType = sourcecode.swift; path = ContentView.swift; sourceTree = "<group>"; };
		AA861E6535D8D0ABDD83D9C5 /* ProfileDashboardView.swift */ = {isa = PBXFileReference; lastKnownFileType = sourcecode.swift; path = ProfileDashboardView.swift; sourceTree = "<group>"; };
		B95974DC5BA0476C873E8AC8 /* WOVNapparelApp.swift */ = {isa = PBXFileReference; lastKnownFileType = sourcecode.swift; path = WOVNapparelApp.swift; sourceTree = "<group>"; };
		BF445875DF6CCC6D9C8D09E7 /* LiDARSizingEngine.swift */ = {isa = PBXFileReference; lastKnownFileType = sourcecode.swift; path = LiDARSizingEngine.swift; sourceTree = "<group>"; };
		CA3B4D64B80E17CE6629E84B /* CameraManager.swift */ = {isa = PBXFileReference; lastKnownFileType = sourcecode.swift; path = CameraManager.swift; sourceTree = "<group>"; };
		CBD188481699DC0CC8A6E6FB /* TryOnDetailView.swift */ = {isa = PBXFileReference; includeInIndex = 1; lastKnownFileType = sourcecode.swift; path = TryOnDetailView.swift; sourceTree = "<group>"; };
		E567356E5494035F3C1EA858 /* AuthenticationView.swift */ = {isa = PBXFileReference; lastKnownFileType = sourcecode.swift; path = AuthenticationView.swift; sourceTree = "<group>"; };
		E6C3CC5FF064F5430661DA82 /* IdentityCaptureView.swift */ = {isa = PBXFileReference; lastKnownFileType = sourcecode.swift; path = IdentityCaptureView.swift; sourceTree = "<group>"; };
		E8DB61532FB7A73900412BCC /* WOVNapparel-Info.plist */ = {isa = PBXFileReference; lastKnownFileType = text.plist; path = "WOVNapparel-Info.plist"; sourceTree = "<group>"; };
		E8DB61542FB7AE1E00412BCC /* VisionCaptureController.swift */ = {isa = PBXFileReference; lastKnownFileType = sourcecode.swift; path = VisionCaptureController.swift; sourceTree = "<group>"; };
		E8DB61552FB7AE1E00412BCC /* VisionCaptureView.swift */ = {isa = PBXFileReference; lastKnownFileType = sourcecode.swift; path = VisionCaptureView.swift; sourceTree = "<group>"; };
		E8DB61582FB7C3DA00412BCC /* Assets.xcassets */ = {isa = PBXFileReference; lastKnownFileType = folder.assetcatalog; path = Assets.xcassets; sourceTree = "<group>"; };
		E9B6719E23161D9E96F363F4 /* CameraView.swift */ = {isa = PBXFileReference; lastKnownFileType = sourcecode.swift; path = CameraView.swift; sourceTree = "<group>"; };
		F4CDCB8EDA1AC7E101250AC8 /* SpectrophotometricSkinAnalyzer.swift */ = {isa = PBXFileReference; lastKnownFileType = sourcecode.swift; path = SpectrophotometricSkinAnalyzer.swift; sourceTree = "<group>"; };
/* End PBXFileReference section */

/* Begin PBXFrameworksBuildPhase section */
		71056F11CB6CD19BC11A5640 /* Frameworks */ = {
			isa = PBXFrameworksBuildPhase;
			buildActionMask = 2147483647;
			files = (
				81E93B45CA073916A4B00C88 /* FirebaseAuth in Frameworks */,
				C262AC778143BCFE647C1750 /* FirebaseFirestore in Frameworks */,
				CD0B678F8E262FC3844D54B0 /* FirebaseStorage in Frameworks */,
				14353007576894F8DA6A18B4 /* GoogleSignIn in Frameworks */,
			);
			runOnlyForDeploymentPostprocessing = 0;
		};
/* End PBXFrameworksBuildPhase section */

/* Begin PBXGroup section */
		0D23E1C2D22FDE38E402335D /* Occasion */ = {
			isa = PBXGroup;
			children = (
				85F5B849B35BAB8EFC222E48 /* OccasionDashboard.swift */,
				1D61BC284C66D941BC3FA182 /* OccasionSelectionView.swift */,
			);
			path = Occasion;
			sourceTree = "<group>";
		};
		26AFF18503519CB09EA24788 /* Gallery */ = {
			isa = PBXGroup;
			children = (
				669BECCC56045A2D95434E4C /* TryOnGalleryView.swift */,
				CBD188481699DC0CC8A6E6FB /* TryOnDetailView.swift */,
			);
			name = Gallery;
			path = Features/Gallery;
			sourceTree = "<group>";
		};
		4237B85D3F196EA617C5079B /* App */ = {
			isa = PBXGroup;
			children = (
				727D1DF55695337E97912467 /* Assets.xcassets */,
				A956FB0F32E6A1717737D95A /* ContentView.swift */,
				91BA4DFF914AA7FC4D9668A7 /* GoogleService-Info.plist */,
				B95974DC5BA0476C873E8AC8 /* WOVNapparelApp.swift */,
			);
			path = App;
			sourceTree = "<group>";
		};
		60D1D169FFE96B9EF1DE2C45 /* TryOn */ = {
			isa = PBXGroup;
			children = (
				11139B38687CDEBB85F87327 /* TryOnView.swift */,
			);
			path = TryOn;
			sourceTree = "<group>";
		};
		7FDD90D4BF298CD2102A1641 /* Features */ = {
			isa = PBXGroup;
			children = (
				26AFF18503519CB09EA24788 /* Gallery */,
				CFB1250D2AB38A0283309843 /* Profile */,
			);
			name = Features;
			sourceTree = "<group>";
		};
		84074101B7F41691257A8E7B /* Spectrophotometry */ = {
			isa = PBXGroup;
			children = (
				F4CDCB8EDA1AC7E101250AC8 /* SpectrophotometricSkinAnalyzer.swift */,
			);
			path = Spectrophotometry;
			sourceTree = "<group>";
		};
		91FE3E41831783ADEDA99BA5 /* Auth */ = {
			isa = PBXGroup;
			children = (
				E567356E5494035F3C1EA858 /* AuthenticationView.swift */,
			);
			path = Auth;
			sourceTree = "<group>";
		};
		9B956DD45E54DD18EC08C71D /* WOVNapparel */ = {
			isa = PBXGroup;
			children = (
				7FDD90D4BF298CD2102A1641 /* Features */,
			);
			name = WOVNapparel;
			sourceTree = "<group>";
		};
		A71F43D6CAC5E5C0F7D53555 /* Camera */ = {
			isa = PBXGroup;
			children = (
				E8DB61542FB7AE1E00412BCC /* VisionCaptureController.swift */,
				E8DB61552FB7AE1E00412BCC /* VisionCaptureView.swift */,
				85BE6BF4ED35C44272358267 /* ARScannerView.swift */,
				CA3B4D64B80E17CE6629E84B /* CameraManager.swift */,
				6D8E1E248DC72091BF38EDAD /* CameraPreview.swift */,
				E9B6719E23161D9E96F363F4 /* CameraView.swift */,
			);
			path = Camera;
			sourceTree = "<group>";
		};
		AEEC4390D57615A772AC0E52 /* Features */ = {
			isa = PBXGroup;
			children = (
				E8DB61582FB7C3DA00412BCC /* Assets.xcassets */,
				91FE3E41831783ADEDA99BA5 /* Auth */,
				A71F43D6CAC5E5C0F7D53555 /* Camera */,
				0D23E1C2D22FDE38E402335D /* Occasion */,
				BAFF0EF0FEBE10AD5AF8923C /* Profile */,
				D2C60B637DA5727B38775101 /* Sizing */,
				84074101B7F41691257A8E7B /* Spectrophotometry */,
				60D1D169FFE96B9EF1DE2C45 /* TryOn */,
			);
			path = Features;
			sourceTree = "<group>";
		};
		BAFF0EF0FEBE10AD5AF8923C /* Profile */ = {
			isa = PBXGroup;
			children = (
				2BCCE955C5569D0E717EA370 /* ARQuickLookView.swift */,
				A073E8E0508DF442274A6AFB /* GuidedFaceCaptureView.swift */,
				E6C3CC5FF064F5430661DA82 /* IdentityCaptureView.swift */,
				AA861E6535D8D0ABDD83D9C5 /* ProfileDashboardView.swift */,
				72053D9BDA4CF355BC812687 /* ProfileSetupView.swift */,
			);
			path = Profile;
			sourceTree = "<group>";
		};
		C82E467D7626B75EF361ADD1 /* Products */ = {
			isa = PBXGroup;
			children = (
				4F75C4DC3F7091F292F8B52A /* WOVNapparel.app */,
			);
			name = Products;
			sourceTree = "<group>";
		};
		CFB1250D2AB38A0283309843 /* Profile */ = {
			isa = PBXGroup;
			children = (
				9CA739C27371C80240C7F858 /* ChromaticAnalyzer.swift */,
			);
			name = Profile;
			sourceTree = "<group>";
		};
		D2C60B637DA5727B38775101 /* Sizing */ = {
			isa = PBXGroup;
			children = (
				6E238E9D541BDD3E39CADE29 /* BodyScannerView.swift */,
				BF445875DF6CCC6D9C8D09E7 /* LiDARSizingEngine.swift */,
				A70908705E6BBEF247C7A4E1 /* SpatialSizingEngine.swift */,
			);
			path = Sizing;
			sourceTree = "<group>";
		};
		DC5BC6CBE1ECC28D9A9FFB36 /* Core */ = {
			isa = PBXGroup;
			children = (
				5B26CE6D5049EDB66C973417 /* AppFlowState.swift */,
				46F548F2753F9AA38F148C30 /* FirebaseManager.swift */,
				A6254B8500BD45340491BFEA /* ImagePicker.swift */,
			);
			path = Core;
			sourceTree = "<group>";
		};
		FC21B46D958BDCB54BCAB8B0 = {
			isa = PBXGroup;
			children = (
				E8DB61532FB7A73900412BCC /* WOVNapparel-Info.plist */,
				4237B85D3F196EA617C5079B /* App */,
				DC5BC6CBE1ECC28D9A9FFB36 /* Core */,
				AEEC4390D57615A772AC0E52 /* Features */,
				C82E467D7626B75EF361ADD1 /* Products */,
				9B956DD45E54DD18EC08C71D /* WOVNapparel */,
			);
			sourceTree = "<group>";
		};
/* End PBXGroup section */

/* Begin PBXNativeTarget section */
		5C6A15E73866DA3CA6260414 /* WOVNapparel */ = {
			isa = PBXNativeTarget;
			buildConfigurationList = 0BE03A6F044BAED8C9AD5523 /* Build configuration list for PBXNativeTarget "WOVNapparel" */;
			buildPhases = (
				1146557E3FB976B95195C953 /* Sources */,
				18FDA0218A8F3AA7116A7C48 /* Resources */,
				71056F11CB6CD19BC11A5640 /* Frameworks */,
			);
			buildRules = (
			);
			dependencies = (
			);
			name = WOVNapparel;
			packageProductDependencies = (
				DBCCEBC8C27F237F8BBD0CC3 /* FirebaseAuth */,
				29F1EDEB97A8C99BD090100F /* FirebaseFirestore */,
				352414B7A0293A7D9F5780DD /* FirebaseStorage */,
				1DF207C8201C8F25933DA950 /* GoogleSignIn */,
			);
			productName = WOVNapparel;
			productReference = 4F75C4DC3F7091F292F8B52A /* WOVNapparel.app */;
			productType = "com.apple.product-type.application";
		};
/* End PBXNativeTarget section */

/* Begin PBXProject section */
		E8E10E216AB0F4010B3FF6B8 /* Project object */ = {
			isa = PBXProject;
			attributes = {
				BuildIndependentTargetsInParallel = YES;
				LastUpgradeCheck = 1430;
			};
			buildConfigurationList = FE998E48182B5CB47DAA9A51 /* Build configuration list for PBXProject "WOVNapparel" */;
			developmentRegion = en;
			hasScannedForEncodings = 0;
			knownRegions = (
				Base,
				en,
			);
			mainGroup = FC21B46D958BDCB54BCAB8B0;
			minimizedProjectReferenceProxies = 1;
			packageReferences = (
				CFD429FB1E4E716DB1F53618 /* XCRemoteSwiftPackageReference "firebase-ios-sdk" */,
				F1F9E59AE0A5F32DBF344D8E /* XCRemoteSwiftPackageReference "GoogleSignIn-iOS" */,
			);
			preferredProjectObjectVersion = 77;
			productRefGroup = C82E467D7626B75EF361ADD1 /* Products */;
			projectDirPath = "";
			projectRoot = "";
			targets = (
				5C6A15E73866DA3CA6260414 /* WOVNapparel */,
			);
		};
/* End PBXProject section */

/* Begin PBXResourcesBuildPhase section */
		18FDA0218A8F3AA7116A7C48 /* Resources */ = {
			isa = PBXResourcesBuildPhase;
			buildActionMask = 2147483647;
			files = (
				7461B72C3C85504595FFF33F /* Assets.xcassets in Resources */,
				E8DB61592FB7C3DA00412BCC /* Assets.xcassets in Resources */,
				335704A060ECD42864B851E5 /* GoogleService-Info.plist in Resources */,
			);
			runOnlyForDeploymentPostprocessing = 0;
		};
/* End PBXResourcesBuildPhase section */

/* Begin PBXSourcesBuildPhase section */
		1146557E3FB976B95195C953 /* Sources */ = {
			isa = PBXSourcesBuildPhase;
			buildActionMask = 2147483647;
			files = (
				6D0AE4BD5FC87911501D683A /* ARQuickLookView.swift in Sources */,
				24105CC3F575672FFF9D889F /* ARScannerView.swift in Sources */,
				EA88532B9E5AC00551B6AD3E /* AppFlowState.swift in Sources */,
				514654E067B1A9FB24AF617F /* AuthenticationView.swift in Sources */,
				74274AA3CF953E22067CAFA2 /* BodyScannerView.swift in Sources */,
				1F2F6B2CEE013151D8B7CFE2 /* CameraManager.swift in Sources */,
				7F02DFCB7BF72E70F1C8459C /* CameraPreview.swift in Sources */,
				9E9AC7D08190464FFC158EFA /* CameraView.swift in Sources */,
				90E3FC20E77189E5992E5812 /* ContentView.swift in Sources */,
				E8DB61562FB7AE1E00412BCC /* VisionCaptureController.swift in Sources */,
				E8DB61572FB7AE1E00412BCC /* VisionCaptureView.swift in Sources */,
				48BC8B9D4893751AD0286591 /* FirebaseManager.swift in Sources */,
				14E02E90AB68B267F1B997CC /* GuidedFaceCaptureView.swift in Sources */,
				0FAF70CD1EBB1787B6A630EA /* IdentityCaptureView.swift in Sources */,
				4314B21600E4E6B2C16B9F37 /* ImagePicker.swift in Sources */,
				74518C85D8180B67C845037A /* LiDARSizingEngine.swift in Sources */,
				94DBDAAA23474F86EFAC394D /* OccasionDashboard.swift in Sources */,
				84370691B23EC1D69B15D9AB /* OccasionSelectionView.swift in Sources */,
				21C129D19F6C30D157E69F52 /* ProfileDashboardView.swift in Sources */,
				B35F65E2C801C872CBD94C5F /* ProfileSetupView.swift in Sources */,
				BD5D343A2793744D249E21FF /* SpatialSizingEngine.swift in Sources */,
				144EAC41BEB013E4EDA0C453 /* SpectrophotometricSkinAnalyzer.swift in Sources */,
				D28260BB449B9FBEA67D07F3 /* TryOnView.swift in Sources */,
				4AC5CC6CE66DA5C483F3AC08 /* WOVNapparelApp.swift in Sources */,
				3FE5D467BB257BA0EA7FD4DB /* TryOnGalleryView.swift in Sources */,
				D2FDEB365C9BB7A7AC464645 /* TryOnDetailView.swift in Sources */,
				6A7B0C3EBFCCDA4E172C7F36 /* ChromaticAnalyzer.swift in Sources */,
			);
			runOnlyForDeploymentPostprocessing = 0;
		};
/* End PBXSourcesBuildPhase section */

/* Begin XCBuildConfiguration section */
		67BDFA07E79348CC94ADBC0A /* Release */ = {
			isa = XCBuildConfiguration;
			buildSettings = {
				ALWAYS_SEARCH_USER_PATHS = NO;
				CLANG_ANALYZER_NONNULL = YES;
				CLANG_ANALYZER_NUMBER_OBJECT_CONVERSION = YES_AGGRESSIVE;
				CLANG_CXX_LANGUAGE_STANDARD = "gnu++14";
				CLANG_CXX_LIBRARY = "libc++";
				CLANG_ENABLE_MODULES = YES;
				CLANG_ENABLE_OBJC_ARC = YES;
				CLANG_ENABLE_OBJC_WEAK = YES;
				CLANG_WARN_BLOCK_CAPTURE_AUTORELEASING = YES;
				CLANG_WARN_BOOL_CONVERSION = YES;
				CLANG_WARN_COMMA = YES;
				CLANG_WARN_CONSTANT_CONVERSION = YES;
				CLANG_WARN_DEPRECATED_OBJC_IMPLEMENTATIONS = YES;
				CLANG_WARN_DIRECT_OBJC_ISA_USAGE = YES_ERROR;
				CLANG_WARN_DOCUMENTATION_COMMENTS = YES;
				CLANG_WARN_EMPTY_BODY = YES;
				CLANG_WARN_ENUM_CONVERSION = YES;
				CLANG_WARN_INFINITE_RECURSION = YES;
				CLANG_WARN_INT_CONVERSION = YES;
				CLANG_WARN_NON_LITERAL_NULL_CONVERSION = YES;
				CLANG_WARN_OBJC_IMPLICIT_RETAIN_SELF = YES;
				CLANG_WARN_OBJC_LITERAL_CONVERSION = YES;
				CLANG_WARN_OBJC_ROOT_CLASS = YES_ERROR;
				CLANG_WARN_QUOTED_INCLUDE_IN_FRAMEWORK_HEADER = YES;
				CLANG_WARN_RANGE_LOOP_ANALYSIS = YES;
				CLANG_WARN_STRICT_PROTOTYPES = YES;
				CLANG_WARN_SUSPICIOUS_MOVE = YES;
				CLANG_WARN_UNGUARDED_AVAILABILITY = YES_AGGRESSIVE;
				CLANG_WARN_UNREACHABLE_CODE = YES;
				CLANG_WARN__DUPLICATE_METHOD_MATCH = YES;
				COPY_PHASE_STRIP = NO;
				DEBUG_INFORMATION_FORMAT = "dwarf-with-dsym";
				ENABLE_NS_ASSERTIONS = NO;
				ENABLE_STRICT_OBJC_MSGSEND = YES;
				GCC_C_LANGUAGE_STANDARD = gnu11;
				GCC_NO_COMMON_BLOCKS = YES;
				GCC_WARN_64_TO_32_BIT_CONVERSION = YES;
				GCC_WARN_ABOUT_RETURN_TYPE = YES_ERROR;
				GCC_WARN_UNDECLARED_SELECTOR = YES;
				GCC_WARN_UNINITIALIZED_AUTOS = YES_AGGRESSIVE;
				GCC_WARN_UNUSED_FUNCTION = YES;
				GCC_WARN_UNUSED_VARIABLE = YES;
				IPHONEOS_DEPLOYMENT_TARGET = 17.0;
				MTL_ENABLE_DEBUG_INFO = NO;
				MTL_FAST_MATH = YES;
				PRODUCT_NAME = "$(TARGET_NAME)";
				SDKROOT = iphoneos;
				SWIFT_COMPILATION_MODE = wholemodule;
				SWIFT_OPTIMIZATION_LEVEL = "-O";
				SWIFT_VERSION = 5.0;
			};
			name = Release;
		};
		7B5746E7CFCE93B2F3F8E425 /* Debug */ = {
			isa = XCBuildConfiguration;
			buildSettings = {
				ALWAYS_SEARCH_USER_PATHS = NO;
				CLANG_ANALYZER_NONNULL = YES;
				CLANG_ANALYZER_NUMBER_OBJECT_CONVERSION = YES_AGGRESSIVE;
				CLANG_CXX_LANGUAGE_STANDARD = "gnu++14";
				CLANG_CXX_LIBRARY = "libc++";
				CLANG_ENABLE_MODULES = YES;
				CLANG_ENABLE_OBJC_ARC = YES;
				CLANG_ENABLE_OBJC_WEAK = YES;
				CLANG_WARN_BLOCK_CAPTURE_AUTORELEASING = YES;
				CLANG_WARN_BOOL_CONVERSION = YES;
				CLANG_WARN_COMMA = YES;
				CLANG_WARN_CONSTANT_CONVERSION = YES;
				CLANG_WARN_DEPRECATED_OBJC_IMPLEMENTATIONS = YES;
				CLANG_WARN_DIRECT_OBJC_ISA_USAGE = YES_ERROR;
				CLANG_WARN_DOCUMENTATION_COMMENTS = YES;
				CLANG_WARN_EMPTY_BODY = YES;
				CLANG_WARN_ENUM_CONVERSION = YES;
				CLANG_WARN_INFINITE_RECURSION = YES;
				CLANG_WARN_INT_CONVERSION = YES;
				CLANG_WARN_NON_LITERAL_NULL_CONVERSION = YES;
				CLANG_WARN_OBJC_IMPLICIT_RETAIN_SELF = YES;
				CLANG_WARN_OBJC_LITERAL_CONVERSION = YES;
				CLANG_WARN_OBJC_ROOT_CLASS = YES_ERROR;
				CLANG_WARN_QUOTED_INCLUDE_IN_FRAMEWORK_HEADER = YES;
				CLANG_WARN_RANGE_LOOP_ANALYSIS = YES;
				CLANG_WARN_STRICT_PROTOTYPES = YES;
				CLANG_WARN_SUSPICIOUS_MOVE = YES;
				CLANG_WARN_UNGUARDED_AVAILABILITY = YES_AGGRESSIVE;
				CLANG_WARN_UNREACHABLE_CODE = YES;
				CLANG_WARN__DUPLICATE_METHOD_MATCH = YES;
				COPY_PHASE_STRIP = NO;
				DEBUG_INFORMATION_FORMAT = dwarf;
				ENABLE_STRICT_OBJC_MSGSEND = YES;
				ENABLE_TESTABILITY = YES;
				GCC_C_LANGUAGE_STANDARD = gnu11;
				GCC_DYNAMIC_NO_PIC = NO;
				GCC_NO_COMMON_BLOCKS = YES;
				GCC_OPTIMIZATION_LEVEL = 0;
				GCC_PREPROCESSOR_DEFINITIONS = (
					"$(inherited)",
					"DEBUG=1",
				);
				GCC_WARN_64_TO_32_BIT_CONVERSION = YES;
				GCC_WARN_ABOUT_RETURN_TYPE = YES_ERROR;
				GCC_WARN_UNDECLARED_SELECTOR = YES;
				GCC_WARN_UNINITIALIZED_AUTOS = YES_AGGRESSIVE;
				GCC_WARN_UNUSED_FUNCTION = YES;
				GCC_WARN_UNUSED_VARIABLE = YES;
				IPHONEOS_DEPLOYMENT_TARGET = 17.0;
				MTL_ENABLE_DEBUG_INFO = INCLUDE_SOURCE;
				MTL_FAST_MATH = YES;
				ONLY_ACTIVE_ARCH = YES;
				PRODUCT_NAME = "$(TARGET_NAME)";
				SDKROOT = iphoneos;
				SWIFT_ACTIVE_COMPILATION_CONDITIONS = DEBUG;
				SWIFT_OPTIMIZATION_LEVEL = "-Onone";
				SWIFT_VERSION = 5.0;
			};
			name = Debug;
		};
		8BA3F466F476CAA4ED03C956 /* Release */ = {
			isa = XCBuildConfiguration;
			buildSettings = {
				ASSETCATALOG_COMPILER_APPICON_NAME = AppIcon;
				CODE_SIGN_ENTITLEMENTS = WOVNapparel.entitlements;
				CODE_SIGN_IDENTITY = "iPhone Developer";
				CURRENT_PROJECT_VERSION = 3;
				DEVELOPMENT_TEAM = MHZ56UTH96;
				GENERATE_INFOPLIST_FILE = YES;
				INFOPLIST_FILE = "WOVNapparel-Info.plist";
				INFOPLIST_KEY_NSCameraUsageDescription = "\"WOVN requires camera access to perform 3D spatial sizing and skin tone analysis.\"";
				INFOPLIST_KEY_UIApplicationSceneManifest_Generation = YES;
				INFOPLIST_KEY_UILaunchScreen_Generation = YES;
				LD_RUNPATH_SEARCH_PATHS = (
					"$(inherited)",
					"@executable_path/Frameworks",
				);
				MARKETING_VERSION = 1.0;
				PRODUCT_BUNDLE_IDENTIFIER = com.wovn.app;
				SDKROOT = iphoneos;
				SUPPORTED_PLATFORMS = "iphoneos iphonesimulator";
				SUPPORTS_MACCATALYST = NO;
				SUPPORTS_MAC_DESIGNED_FOR_IPHONE_IPAD = NO;
				SUPPORTS_XR_DESIGNED_FOR_IPHONE_IPAD = NO;
				TARGETED_DEVICE_FAMILY = 1;
			};
			name = Release;
		};
		99755EC8E91049528EDDDD35 /* Debug */ = {
			isa = XCBuildConfiguration;
			buildSettings = {
				ASSETCATALOG_COMPILER_APPICON_NAME = AppIcon;
				CODE_SIGN_ENTITLEMENTS = WOVNapparel.entitlements;
				CODE_SIGN_IDENTITY = "iPhone Developer";
				CURRENT_PROJECT_VERSION = 3;
				DEVELOPMENT_TEAM = MHZ56UTH96;
				GENERATE_INFOPLIST_FILE = YES;
				INFOPLIST_FILE = "WOVNapparel-Info.plist";
				INFOPLIST_KEY_NSCameraUsageDescription = "\"WOVN requires camera access to perform 3D spatial sizing and skin tone analysis.\"";
				INFOPLIST_KEY_UIApplicationSceneManifest_Generation = YES;
				INFOPLIST_KEY_UILaunchScreen_Generation = YES;
				LD_RUNPATH_SEARCH_PATHS = (
					"$(inherited)",
					"@executable_path/Frameworks",
				);
				MARKETING_VERSION = 1.0;
				PRODUCT_BUNDLE_IDENTIFIER = com.wovn.app;
				SDKROOT = iphoneos;
				SUPPORTED_PLATFORMS = "iphoneos iphonesimulator";
				SUPPORTS_MACCATALYST = NO;
				SUPPORTS_MAC_DESIGNED_FOR_IPHONE_IPAD = NO;
				SUPPORTS_XR_DESIGNED_FOR_IPHONE_IPAD = NO;
				TARGETED_DEVICE_FAMILY = 1;
			};
			name = Debug;
		};
/* End XCBuildConfiguration section */

/* Begin XCConfigurationList section */
		0BE03A6F044BAED8C9AD5523 /* Build configuration list for PBXNativeTarget "WOVNapparel" */ = {
			isa = XCConfigurationList;
			buildConfigurations = (
				99755EC8E91049528EDDDD35 /* Debug */,
				8BA3F466F476CAA4ED03C956 /* Release */,
			);
			defaultConfigurationIsVisible = 0;
			defaultConfigurationName = Debug;
		};
		FE998E48182B5CB47DAA9A51 /* Build configuration list for PBXProject "WOVNapparel" */ = {
			isa = XCConfigurationList;
			buildConfigurations = (
				7B5746E7CFCE93B2F3F8E425 /* Debug */,
				67BDFA07E79348CC94ADBC0A /* Release */,
			);
			defaultConfigurationIsVisible = 0;
			defaultConfigurationName = Debug;
		};
/* End XCConfigurationList section */

/* Begin XCRemoteSwiftPackageReference section */
		CFD429FB1E4E716DB1F53618 /* XCRemoteSwiftPackageReference "firebase-ios-sdk" */ = {
			isa = XCRemoteSwiftPackageReference;
			repositoryURL = "https://github.com/firebase/firebase-ios-sdk.git";
			requirement = {
				kind = upToNextMajorVersion;
				minimumVersion = 10.20.0;
			};
		};
		F1F9E59AE0A5F32DBF344D8E /* XCRemoteSwiftPackageReference "GoogleSignIn-iOS" */ = {
			isa = XCRemoteSwiftPackageReference;
			repositoryURL = "https://github.com/google/GoogleSignIn-iOS.git";
			requirement = {
				kind = upToNextMajorVersion;
				minimumVersion = 7.1.0;
			};
		};
/* End XCRemoteSwiftPackageReference section */

/* Begin XCSwiftPackageProductDependency section */
		1DF207C8201C8F25933DA950 /* GoogleSignIn */ = {
			isa = XCSwiftPackageProductDependency;
			package = F1F9E59AE0A5F32DBF344D8E /* XCRemoteSwiftPackageReference "GoogleSignIn-iOS" */;
			productName = GoogleSignIn;
		};
		29F1EDEB97A8C99BD090100F /* FirebaseFirestore */ = {
			isa = XCSwiftPackageProductDependency;
			package = CFD429FB1E4E716DB1F53618 /* XCRemoteSwiftPackageReference "firebase-ios-sdk" */;
			productName = FirebaseFirestore;
		};
		352414B7A0293A7D9F5780DD /* FirebaseStorage */ = {
			isa = XCSwiftPackageProductDependency;
			package = CFD429FB1E4E716DB1F53618 /* XCRemoteSwiftPackageReference "firebase-ios-sdk" */;
			productName = FirebaseStorage;
		};
		DBCCEBC8C27F237F8BBD0CC3 /* FirebaseAuth */ = {
			isa = XCSwiftPackageProductDependency;
			package = CFD429FB1E4E716DB1F53618 /* XCRemoteSwiftPackageReference "firebase-ios-sdk" */;
			productName = FirebaseAuth;
		};
/* End XCSwiftPackageProductDependency section */
	};
	rootObject = E8E10E216AB0F4010B3FF6B8 /* Project object */;
}
